
Microsoft Visual Studio Solution File, Format Version 12.00
# Visual Studio Version 16
VisualStudioVersion = 16.0.29709.97
MinimumVisualStudioVersion = 10.0.40219.1
Project("{9A19103F-16F7-4668-BE54-9A1E7A4F7556}") = "GameOfWar", "GameOfWar.csproj", "{7BF4C0F9-59A0-4AE7-91DD-32662EABB900}"
EndProject
Global
	GlobalSection(SolutionConfigurationPlatforms) = preSolution
		Debug|Any CPU = Debug|Any CPU
		Release|Any CPU = Release|Any CPU
	EndGlobalSection
	GlobalSection(ProjectConfigurationPlatforms) = postSolution
		{7BF4C0F9-59A0-4AE7-91DD-32662EABB900}.Debug|Any CPU.ActiveCfg = Debug|Any CPU
		{7BF4C0F9-59A0-4AE7-91DD-32662EABB900}.Debug|Any CPU.Build.0 = Debug|Any CPU
		{7BF4C0F9-59A0-4AE7-91DD-32662EABB900}.Release|Any CPU.ActiveCfg = Release|Any CPU
		{7BF4C0F9-59A0-4AE7-91DD-32662EABB900}.Release|Any CPU.Build.0 = Release|Any CPU
	EndGlobalSection
	GlobalSection(SolutionProperties) = preSolution
		HideSolutionNode = FALSE
	EndGlobalSection
	GlobalSection(ExtensibilityGlobals) = postSolution
		SolutionGuid = {89A80843-FFDA-462A-B729-20B678E7AD38}
	EndGlobalSection
EndGlobal
